// !$*UTF8*$!
{
	archiveVersion = 1;
	classes = {
	};
	objectVersion = 46;
	objects = {

/* Begin PBXBuildFile section */
		216EAE4F1DE5B28C001CA636 /* AppDelegate.swift in Sources */ = {isa = PBXBuildFile; fileRef = 5541669B1DE4B752007E9EED /* AppDelegate.swift */; };
		216EAE511DE5BB24001CA636 /* ViewController.swift in Sources */ = {isa = PBXBuildFile; fileRef = 5541669D1DE4B752007E9EED /* ViewController.swift */; };
		554166A11DE4B752007E9EED /* Main.storyboard in Resources */ = {isa = PBXBuildFile; fileRef = 5541669F1DE4B752007E9EED /* Main.storyboard */; };
		554166A31DE4B752007E9EED /* Assets.xcassets in Resources */ = {isa = PBXBuildFile; fileRef = 554166A21DE4B752007E9EED /* Assets.xcassets */; };
		554166A61DE4B752007E9EED /* LaunchScreen.storyboard in Resources */ = {isa = PBXBuildFile; fileRef = 554166A41DE4B752007E9EED /* LaunchScreen.storyboard */; };
		92717C3AC38232AC2723161A /* Pods_Task.framework in Frameworks */ = {isa = PBXBuildFile; fileRef = 9A77E83BCAF453834E1660D1 /* Pods_Task.framework */; };
/* End PBXBuildFile section */

/* Begin PBXFileReference section */
		0B3B310C4231DACC510AA35D /* Pods-Task.debug.xcconfig */ = {isa = PBXFileReference; includeInIndex = 1; lastKnownFileType = text.xcconfig; name = "Pods-Task.debug.xcconfig"; path = "Pods/Target Support Files/Pods-Task/Pods-Task.debug.xcconfig"; sourceTree = "<group>"; };
		216EAE4E1DE5AC66001CA636 /* Task-Bridging-Header.h */ = {isa = PBXFileReference; lastKnownFileType = sourcecode.c.h; path = "Task-Bridging-Header.h"; sourceTree = "<group>"; };
		554166981DE4B752007E9EED /* Task.app */ = {isa = PBXFileReference; explicitFileType = wrapper.application; includeInIndex = 0; path = Task.app; sourceTree = BUILT_PRODUCTS_DIR; };
		5541669B1DE4B752007E9EED /* AppDelegate.swift */ = {isa = PBXFileReference; lastKnownFileType = sourcecode.swift; path = AppDelegate.swift; sourceTree = "<group>"; };
		5541669D1DE4B752007E9EED /* ViewController.swift */ = {isa = PBXFileReference; lastKnownFileType = sourcecode.swift; path = ViewController.swift; sourceTree = "<group>"; };
		554166A01DE4B752007E9EED /* Base */ = {isa = PBXFileReference; lastKnownFileType = file.storyboard; name = Base; path = Base.lproj/Main.storyboard; sourceTree = "<group>"; };
		554166A21DE4B752007E9EED /* Assets.xcassets */ = {isa = PBXFileReference; lastKnownFileType = folder.assetcatalog; path = Assets.xcassets; sourceTree = "<group>"; };
		554166A51DE4B752007E9EED /* Base */ = {isa = PBXFileReference; lastKnownFileType = file.storyboard; name = Base; path = Base.lproj/LaunchScreen.storyboard; sourceTree = "<group>"; };
		554166A71DE4B752007E9EED /* Info.plist */ = {isa = PBXFileReference; lastKnownFileType = text.plist.xml; path = Info.plist; sourceTree = "<group>"; };
		9A77E83BCAF453834E1660D1 /* Pods_Task.framework */ = {isa = PBXFileReference; explicitFileType = wrapper.framework; includeInIndex = 0; path = Pods_Task.framework; sourceTree = BUILT_PRODUCTS_DIR; };
		D99D28F2B98FE53D13242F27 /* Pods-Task.release.xcconfig */ = {isa = PBXFileReference; includeInIndex = 1; lastKnownFileType = text.xcconfig; name = "Pods-Task.release.xcconfig"; path = "Pods/Target Support Files/Pods-Task/Pods-Task.release.xcconfig"; sourceTree = "<group>"; };
/* End PBXFileReference section */

/* Begin PBXFrameworksBuildPhase section */
		554166951DE4B751007E9EED /* Frameworks */ = {
			isa = PBXFrameworksBuildPhase;
			buildActionMask = 2147483647;
			files = (
				92717C3AC38232AC2723161A /* Pods_Task.framework in Frameworks */,
			);
			runOnlyForDeploymentPostprocessing = 0;
		};
/* End PBXFrameworksBuildPhase section */

/* Begin PBXGroup section */
		01367D71D555B18291B3A024 /* Pods */ = {
			isa = PBXGroup;
			children = (
				0B3B310C4231DACC510AA35D /* Pods-Task.debug.xcconfig */,
				D99D28F2B98FE53D13242F27 /* Pods-Task.release.xcconfig */,
			);
			name = Pods;
			sourceTree = "<group>";
		};
		5541668F1DE4B751007E9EED = {
			isa = PBXGroup;
			children = (
				5541669A1DE4B752007E9EED /* Task */,
				554166991DE4B752007E9EED /* Products */,
				01367D71D555B18291B3A024 /* Pods */,
				EB8FA600B5560C68868354CF /* Frameworks */,
			);
			sourceTree = "<group>";
		};
		554166991DE4B752007E9EED /* Products */ = {
			isa = PBXGroup;
			children = (
				554166981DE4B752007E9EED /* Task.app */,
			);
			name = Products;
			sourceTree = "<group>";
		};
		5541669A1DE4B752007E9EED /* Task */ = {
			isa = PBXGroup;
			children = (
				5541669B1DE4B752007E9EED /* AppDelegate.swift */,
				5541669D1DE4B752007E9EED /* ViewController.swift */,
				5541669F1DE4B752007E9EED /* Main.storyboard */,
				554166A21DE4B752007E9EED /* Assets.xcassets */,
				554166A41DE4B752007E9EED /* LaunchScreen.storyboard */,
				554166A71DE4B752007E9EED /* Info.plist */,
				216EAE4E1DE5AC66001CA636 /* Task-Bridging-Header.h */,
			);
			path = Task;
			sourceTree = "<group>";
		};
		EB8FA600B5560C68868354CF /* Frameworks */ = {
			isa = PBXGroup;
			children = (
				9A77E83BCAF453834E1660D1 /* Pods_Task.framework */,
			);
			name = Frameworks;
			sourceTree = "<group>";
		};
/* End PBXGroup section */

/* Begin PBXNativeTarget section */
		554166971DE4B751007E9EED /* Task */ = {
			isa = PBXNativeTarget;
			buildConfigurationList = 554166AA1DE4B752007E9EED /* Build configuration list for PBXNativeTarget "Task" */;
			buildPhases = (
				77C6DB25137F3266F575DAE5 /* [CP] Check Pods Manifest.lock */,
				554166941DE4B751007E9EED /* Sources */,
				554166951DE4B751007E9EED /* Frameworks */,
				554166961DE4B751007E9EED /* Resources */,
				6AAA53222EAB669971BB4454 /* [CP] Embed Pods Frameworks */,
				118274721F04AE82290A9B94 /* [CP] Copy Pods Resources */,
			);
			buildRules = (
			);
			dependencies = (
			);
			name = Task;
			productName = Task;
			productReference = 554166981DE4B752007E9EED /* Task.app */;
			productType = "com.apple.product-type.application";
		};
/* End PBXNativeTarget section */

/* Begin PBXProject section */
		554166901DE4B751007E9EED /* Project object */ = {
			isa = PBXProject;
			attributes = {
				LastSwiftUpdateCheck = 0800;
				LastUpgradeCheck = 0800;
				ORGANIZATIONNAME = NAVYA;
				TargetAttributes = {
					554166971DE4B751007E9EED = {
						CreatedOnToolsVersion = 8.0;
						DevelopmentTeam = 32755C9G7J;
						ProvisioningStyle = Automatic;
					};
				};
			};
			buildConfigurationList = 554166931DE4B751007E9EED /* Build configuration list for PBXProject "Task" */;
			compatibilityVersion = "Xcode 3.2";
			developmentRegion = English;
			hasScannedForEncodings = 0;
			knownRegions = (
				en,
				Base,
			);
			mainGroup = 5541668F1DE4B751007E9EED;
			productRefGroup = 554166991DE4B752007E9EED /* Products */;
			projectDirPath = "";
			projectRoot = "";
			targets = (
				554166971DE4B751007E9EED /* Task */,
			);
		};
/* End PBXProject section */

/* Begin PBXResourcesBuildPhase section */
		554166961DE4B751007E9EED /* Resources */ = {
			isa = PBXResourcesBuildPhase;
			buildActionMask = 2147483647;
			files = (
				554166A61DE4B752007E9EED /* LaunchScreen.storyboard in Resources */,
				554166A31DE4B752007E9EED /* Assets.xcassets in Resources */,
				554166A11DE4B752007E9EED /* Main.storyboard in Resources */,
			);
			runOnlyForDeploymentPostprocessing = 0;
		};
/* End PBXResourcesBuildPhase section */

/* Begin PBXShellScriptBuildPhase section */
		118274721F04AE82290A9B94 /* [CP] Copy Pods Resources */ = {
			isa = PBXShellScriptBuildPhase;
			buildActionMask = 2147483647;
			files = (
			);
			inputPaths = (
			);
			name = "[CP] Copy Pods Resources";
			outputPaths = (
			);
			runOnlyForDeploymentPostprocessing = 0;
			shellPath = /bin/sh;
			shellScript = "\"${SRCROOT}/Pods/Target Support Files/Pods-Task/Pods-Task-resources.sh\"\n";
			showEnvVarsInLog = 0;
		};
		6AAA53222EAB669971BB4454 /* [CP] Embed Pods Frameworks */ = {
			isa = PBXShellScriptBuildPhase;
			buildActionMask = 2147483647;
			files = (
			);
			inputPaths = (
			);
			name = "[CP] Embed Pods Frameworks";
			outputPaths = (
			);
			runOnlyForDeploymentPostprocessing = 0;
			shellPath = /bin/sh;
			shellScript = "\"${SRCROOT}/Pods/Target Support Files/Pods-Task/Pods-Task-frameworks.sh\"\n";
			showEnvVarsInLog = 0;
		};
		77C6DB25137F3266F575DAE5 /* [CP] Check Pods Manifest.lock */ = {
			isa = PBXShellScriptBuildPhase;
			buildActionMask = 2147483647;
			files = (
			);
			inputPaths = (
			);
			name = "[CP] Check Pods Manifest.lock";
			outputPaths = (
			);
			runOnlyForDeploymentPostprocessing = 0;
			shellPath = /bin/sh;
			shellScript = "diff \"${PODS_ROOT}/../Podfile.lock\" \"${PODS_ROOT}/Manifest.lock\" > /dev/null\nif [ $? != 0 ] ; then\n    # print error to STDERR\n    echo \"error: The sandbox is not in sync with the Podfile.lock. Run 'pod install' or update your CocoaPods installation.\" >&2\n    exit 1\nfi\n";
			showEnvVarsInLog = 0;
		};
/* End PBXShellScriptBuildPhase section */

/* Begin PBXSourcesBuildPhase section */
		554166941DE4B751007E9EED /* Sources */ = {
			isa = PBXSourcesBuildPhase;
			buildActionMask = 2147483647;
			files = (
				216EAE511DE5BB24001CA636 /* ViewController.swift in Sources */,
				216EAE4F1DE5B28C001CA636 /* AppDelegate.swift in Sources */,
			);
			runOnlyForDeploymentPostprocessing = 0;
		};
/* End PBXSourcesBuildPhase section */

/* Begin PBXVariantGroup section */
		5541669F1DE4B752007E9EED /* Main.storyboard */ = {
			isa = PBXVariantGroup;
			children = (
				554166A01DE4B752007E9EED /* Base */,
			);
			name = Main.storyboard;
			sourceTree = "<group>";
		};
		554166A41DE4B752007E9EED /* LaunchScreen.storyboard */ = {
			isa = PBXVariantGroup;
			children = (
				554166A51DE4B752007E9EED /* Base */,
			);
			name = LaunchScreen.storyboard;
			sourceTree = "<group>";
		};
/* End PBXVariantGroup section */

/* Begin XCBuildConfiguration section */
		554166A81DE4B752007E9EED /* Debug */ = {
			isa = XCBuildConfiguration;
			buildSettings = {
				ALWAYS_SEARCH_USER_PATHS = NO;
				CLANG_ANALYZER_NONNULL = YES;
				CLANG_CXX_LANGUAGE_STANDARD = "gnu++0x";
				CLANG_CXX_LIBRARY = "libc++";
				CLANG_ENABLE_MODULES = YES;
				CLANG_ENABLE_OBJC_ARC = YES;
				CLANG_WARN_BOOL_CONVERSION = YES;
				CLANG_WARN_CONSTANT_CONVERSION = YES;
				CLANG_WARN_DIRECT_OBJC_ISA_USAGE = YES_ERROR;
				CLANG_WARN_DOCUMENTATION_COMMENTS = YES;
				CLANG_WARN_EMPTY_BODY = YES;
				CLANG_WARN_ENUM_CONVERSION = YES;
				CLANG_WARN_INFINITE_RECURSION = YES;
				CLANG_WARN_INT_CONVERSION = YES;
				CLANG_WARN_OBJC_ROOT_CLASS = YES_ERROR;
				CLANG_WARN_SUSPICIOUS_MOVES = YES;
				CLANG_WARN_UNREACHABLE_CODE = YES;
				CLANG_WARN__DUPLICATE_METHOD_MATCH = YES;
				"CODE_SIGN_IDENTITY[sdk=iphoneos*]" = "iPhone Developer";
				COPY_PHASE_STRIP = NO;
				DEBUG_INFORMATION_FORMAT = dwarf;
				ENABLE_STRICT_OBJC_MSGSEND = YES;
				ENABLE_TESTABILITY = YES;
				GCC_C_LANGUAGE_STANDARD = gnu99;
				GCC_DYNAMIC_NO_PIC = NO;
				GCC_NO_COMMON_BLOCKS = YES;
				GCC_OPTIMIZATION_LEVEL = 0;
				GCC_PREPROCESSOR_DEFINITIONS = (
					"DEBUG=1",
					"$(inherited)",
				);
				GCC_WARN_64_TO_32_BIT_CONVERSION = YES;
				GCC_WARN_ABOUT_RETURN_TYPE = YES_ERROR;
				GCC_WARN_UNDECLARED_SELECTOR = YES;
				GCC_WARN_UNINITIALIZED_AUTOS = YES_AGGRESSIVE;
				GCC_WARN_UNUSED_FUNCTION = YES;
				GCC_WARN_UNUSED_VARIABLE = YES;
				IPHONEOS_DEPLOYMENT_TARGET = 10.0;
				MTL_ENABLE_DEBUG_INFO = YES;
				ONLY_ACTIVE_ARCH = YES;
				SDKROOT = iphoneos;
				SWIFT_ACTIVE_COMPILATION_CONDITIONS = DEBUG;
				SWIFT_OPTIMIZATION_LEVEL = "-Onone";
				TARGETED_DEVICE_FAMILY = "1,2";
			};
			name = Debug;
		};
		554166A91DE4B752007E9EED /* Release */ = {
			isa = XCBuildConfiguration;
			buildSettings = {
				ALWAYS_SEARCH_USER_PATHS = NO;
				CLANG_ANALYZER_NONNULL = YES;
				CLANG_CXX_LANGUAGE_STANDARD = "gnu++0x";
				CLANG_CXX_LIBRARY = "libc++";
				CLANG_ENABLE_MODULES = YES;
				CLANG_ENABLE_OBJC_ARC = YES;
				CLANG_WARN_BOOL_CONVERSION = YES;
				CLANG_WARN_CONSTANT_CONVERSION = YES;
				CLANG_WARN_DIRECT_OBJC_ISA_USAGE = YES_ERROR;
				CLANG_WARN_DOCUMENTATION_COMMENTS = YES;
				CLANG_WARN_EMPTY_BODY = YES;
				CLANG_WARN_ENUM_CONVERSION = YES;
				CLANG_WARN_INFINITE_RECURSION = YES;
				CLANG_WARN_INT_CONVERSION = YES;
				CLANG_WARN_OBJC_ROOT_CLASS = YES_ERROR;
				CLANG_WARN_SUSPICIOUS_MOVES = YES;
				CLANG_WARN_UNREACHABLE_CODE = YES;
				CLANG_WARN__DUPLICATE_METHOD_MATCH = YES;
				"CODE_SIGN_IDENTITY[sdk=iphoneos*]" = "iPhone Developer";
				COPY_PHASE_STRIP = NO;
				DEBUG_INFORMATION_FORMAT = "dwarf-with-dsym";
				ENABLE_NS_ASSERTIONS = NO;
				ENABLE_STRICT_OBJC_MSGSEND = YES;
				GCC_C_LANGUAGE_STANDARD = gnu99;
				GCC_NO_COMMON_BLOCKS = YES;
				GCC_WARN_64_TO_32_BIT_CONVERSION = YES;
				GCC_WARN_ABOUT_RETURN_TYPE = YES_ERROR;
				GCC_WARN_UNDECLARED_SELECTOR = YES;
				GCC_WARN_UNINITIALIZED_AUTOS = YES_AGGRESSIVE;
				GCC_WARN_UNUSED_FUNCTION = YES;
				GCC_WARN_UNUSED_VARIABLE = YES;
				IPHONEOS_DEPLOYMENT_TARGET = 10.0;
				MTL_ENABLE_DEBUG_INFO = NO;
				SDKROOT = iphoneos;
				SWIFT_OPTIMIZATION_LEVEL = "-Owholemodule";
				TARGETED_DEVICE_FAMILY = "1,2";
				VALIDATE_PRODUCT = YES;
			};
			name = Release;
		};
		554166AB1DE4B752007E9EED /* Debug */ = {
			isa = XCBuildConfiguration;
			baseConfigurationReference = 0B3B310C4231DACC510AA35D /* Pods-Task.debug.xcconfig */;
			buildSettings = {
				ASSETCATALOG_COMPILER_APPICON_NAME = AppIcon;
				DEVELOPMENT_TEAM = 32755C9G7J;
				INFOPLIST_FILE = Task/Info.plist;
				LD_RUNPATH_SEARCH_PATHS = "$(inherited) @executable_path/Frameworks";
				PRODUCT_BUNDLE_IDENTIFIER = com.Task;
				PRODUCT_NAME = "$(TARGET_NAME)";
				SWIFT_VERSION = 3.0;
			};
			name = Debug;
		};
		554166AC1DE4B752007E9EED /* Release */ = {
			isa = XCBuildConfiguration;
			baseConfigurationReference = D99D28F2B98FE53D13242F27 /* Pods-Task.release.xcconfig */;
			buildSettings = {
				ASSETCATALOG_COMPILER_APPICON_NAME = AppIcon;
				DEVELOPMENT_TEAM = 32755C9G7J;
				INFOPLIST_FILE = Task/Info.plist;
				LD_RUNPATH_SEARCH_PATHS = "$(inherited) @executable_path/Frameworks";
				PRODUCT_BUNDLE_IDENTIFIER = com.Task;
				PRODUCT_NAME = "$(TARGET_NAME)";
				SWIFT_VERSION = 3.0;
			};
			name = Release;
		};
/* End XCBuildConfiguration section */

/* Begin XCConfigurationList section */
		554166931DE4B751007E9EED /* Build configuration list for PBXProject "Task" */ = {
			isa = XCConfigurationList;
			buildConfigurations = (
				554166A81DE4B752007E9EED /* Debug */,
				554166A91DE4B752007E9EED /* Release */,
			);
			defaultConfigurationIsVisible = 0;
			defaultConfigurationName = Release;
		};
		554166AA1DE4B752007E9EED /* Build configuration list for PBXNativeTarget "Task" */ = {
			isa = XCConfigurationList;
			buildConfigurations = (
				554166AB1DE4B752007E9EED /* Debug */,
				554166AC1DE4B752007E9EED /* Release */,
			);
			defaultConfigurationIsVisible = 0;
			defaultConfigurationName = Release;
		};
/* End XCConfigurationList section */
	};
	rootObject = 554166901DE4B751007E9EED /* Project object */;
}
